
Microsoft Visual Studio Solution File, Format Version 12.00
Project("{FAE04EC0-301F-11D3-BF4B-00C04F79EFBC}") = "WebApplication1", "WebApplication1\WebApplication1.csproj", "{8C12500D-83F6-4EBC-A1E2-A187427FE7E8}"
EndProject
Project("{FAE04EC0-301F-11D3-BF4B-00C04F79EFBC}") = "TestProject1", "TestProject1\TestProject1.csproj", "{3EE6E077-F0CD-43E6-BC83-A1BAD4F0F55B}"
EndProject
Global
	GlobalSection(SolutionConfigurationPlatforms) = preSolution
		Debug|Any CPU = Debug|Any CPU
		Release|Any CPU = Release|Any CPU
	EndGlobalSection
	GlobalSection(ProjectConfigurationPlatforms) = postSolution
		{8C12500D-83F6-4EBC-A1E2-A187427FE7E8}.Debug|Any CPU.ActiveCfg = Debug|Any CPU
		{8C12500D-83F6-4EBC-A1E2-A187427FE7E8}.Debug|Any CPU.Build.0 = Debug|Any CPU
		{8C12500D-83F6-4EBC-A1E2-A187427FE7E8}.Release|Any CPU.ActiveCfg = Release|Any CPU
		{8C12500D-83F6-4EBC-A1E2-A187427FE7E8}.Release|Any CPU.Build.0 = Release|Any CPU
		{3EE6E077-F0CD-43E6-BC83-A1BAD4F0F55B}.Debug|Any CPU.ActiveCfg = Debug|Any CPU
		{3EE6E077-F0CD-43E6-BC83-A1BAD4F0F55B}.Debug|Any CPU.Build.0 = Debug|Any CPU
		{3EE6E077-F0CD-43E6-BC83-A1BAD4F0F55B}.Release|Any CPU.ActiveCfg = Release|Any CPU
		{3EE6E077-F0CD-43E6-BC83-A1BAD4F0F55B}.Release|Any CPU.Build.0 = Release|Any CPU
	EndGlobalSection
EndGlobal
